// !$*UTF8*$!
{
	archiveVersion = 1;
	classes = {
	};
	objectVersion = 50;
	objects = {

/* Begin PBXBuildFile section */
		2C037318237F042900AC3A7C /* AppDelegate.swift in Sources */ = {isa = PBXBuildFile; fileRef = 2C037317237F042900AC3A7C /* AppDelegate.swift */; };
		2C03731A237F042900AC3A7C /* SceneDelegate.swift in Sources */ = {isa = PBXBuildFile; fileRef = 2C037319237F042900AC3A7C /* SceneDelegate.swift */; };
		2C03731F237F042900AC3A7C /* Main.storyboard in Resources */ = {isa = PBXBuildFile; fileRef = 2C03731D237F042900AC3A7C /* Main.storyboard */; };
		2C037321237F042B00AC3A7C /* Assets.xcassets in Resources */ = {isa = PBXBuildFile; fileRef = 2C037320237F042B00AC3A7C /* Assets.xcassets */; };
		2C037324237F042B00AC3A7C /* LaunchScreen.storyboard in Resources */ = {isa = PBXBuildFile; fileRef = 2C037322237F042B00AC3A7C /* LaunchScreen.storyboard */; };
		2C037334237F067600AC3A7C /* Assessment 2 - Shopping List.xcdatamodeld in Sources */ = {isa = PBXBuildFile; fileRef = 2C037332237F067600AC3A7C /* Assessment 2 - Shopping List.xcdatamodeld */; };
		2C037336237F06D300AC3A7C /* ShoppingList+Convenience.swift in Sources */ = {isa = PBXBuildFile; fileRef = 2C037335237F06D300AC3A7C /* ShoppingList+Convenience.swift */; };
		2C037338237F06DF00AC3A7C /* CoreDataStack.swift in Sources */ = {isa = PBXBuildFile; fileRef = 2C037337237F06DF00AC3A7C /* CoreDataStack.swift */; };
		2C03733A237F07C800AC3A7C /* ShoppingListTableViewCell.swift in Sources */ = {isa = PBXBuildFile; fileRef = 2C037339237F07C800AC3A7C /* ShoppingListTableViewCell.swift */; };
		2C03733C237F07E300AC3A7C /* ShoppingListController.swift in Sources */ = {isa = PBXBuildFile; fileRef = 2C03733B237F07E300AC3A7C /* ShoppingListController.swift */; };
		2C03733E237F104A00AC3A7C /* ShoppingListTableViewController.swift in Sources */ = {isa = PBXBuildFile; fileRef = 2C03733D237F104A00AC3A7C /* ShoppingListTableViewController.swift */; };
/* End PBXBuildFile section */

/* Begin PBXFileReference section */
		2C037314237F042900AC3A7C /* Assessment 2 - Shopping List.app */ = {isa = PBXFileReference; explicitFileType = wrapper.application; includeInIndex = 0; path = "Assessment 2 - Shopping List.app"; sourceTree = BUILT_PRODUCTS_DIR; };
		2C037317237F042900AC3A7C /* AppDelegate.swift */ = {isa = PBXFileReference; lastKnownFileType = sourcecode.swift; path = AppDelegate.swift; sourceTree = "<group>"; };
		2C037319237F042900AC3A7C /* SceneDelegate.swift */ = {isa = PBXFileReference; lastKnownFileType = sourcecode.swift; path = SceneDelegate.swift; sourceTree = "<group>"; };
		2C03731E237F042900AC3A7C /* Base */ = {isa = PBXFileReference; lastKnownFileType = file.storyboard; name = Base; path = Base.lproj/Main.storyboard; sourceTree = "<group>"; };
		2C037320237F042B00AC3A7C /* Assets.xcassets */ = {isa = PBXFileReference; lastKnownFileType = folder.assetcatalog; path = Assets.xcassets; sourceTree = "<group>"; };
		2C037323237F042B00AC3A7C /* Base */ = {isa = PBXFileReference; lastKnownFileType = file.storyboard; name = Base; path = Base.lproj/LaunchScreen.storyboard; sourceTree = "<group>"; };
		2C037325237F042B00AC3A7C /* Info.plist */ = {isa = PBXFileReference; lastKnownFileType = text.plist.xml; path = Info.plist; sourceTree = "<group>"; };
		2C037333237F067600AC3A7C /* Assessment 2 - Shopping List.xcdatamodel */ = {isa = PBXFileReference; lastKnownFileType = wrapper.xcdatamodel; path = "Assessment 2 - Shopping List.xcdatamodel"; sourceTree = "<group>"; };
		2C037335237F06D300AC3A7C /* ShoppingList+Convenience.swift */ = {isa = PBXFileReference; lastKnownFileType = sourcecode.swift; path = "ShoppingList+Convenience.swift"; sourceTree = "<group>"; };
		2C037337237F06DF00AC3A7C /* CoreDataStack.swift */ = {isa = PBXFileReference; lastKnownFileType = sourcecode.swift; path = CoreDataStack.swift; sourceTree = "<group>"; };
		2C037339237F07C800AC3A7C /* ShoppingListTableViewCell.swift */ = {isa = PBXFileReference; lastKnownFileType = sourcecode.swift; path = ShoppingListTableViewCell.swift; sourceTree = "<group>"; };
		2C03733B237F07E300AC3A7C /* ShoppingListController.swift */ = {isa = PBXFileReference; lastKnownFileType = sourcecode.swift; path = ShoppingListController.swift; sourceTree = "<group>"; };
		2C03733D237F104A00AC3A7C /* ShoppingListTableViewController.swift */ = {isa = PBXFileReference; lastKnownFileType = sourcecode.swift; path = ShoppingListTableViewController.swift; sourceTree = "<group>"; };
/* End PBXFileReference section */

/* Begin PBXFrameworksBuildPhase section */
		2C037311237F042900AC3A7C /* Frameworks */ = {
			isa = PBXFrameworksBuildPhase;
			buildActionMask = 2147483647;
			files = (
			);
			runOnlyForDeploymentPostprocessing = 0;
		};
/* End PBXFrameworksBuildPhase section */

/* Begin PBXGroup section */
		2C03730B237F042900AC3A7C = {
			isa = PBXGroup;
			children = (
				2C037316237F042900AC3A7C /* Assessment 2 - Shopping List */,
				2C037315237F042900AC3A7C /* Products */,
				2C03732B237F043300AC3A7C /* Resources */,
			);
			sourceTree = "<group>";
		};
		2C037315237F042900AC3A7C /* Products */ = {
			isa = PBXGroup;
			children = (
				2C037314237F042900AC3A7C /* Assessment 2 - Shopping List.app */,
			);
			name = Products;
			sourceTree = "<group>";
		};
		2C037316237F042900AC3A7C /* Assessment 2 - Shopping List */ = {
			isa = PBXGroup;
			children = (
				2C037331237F04A100AC3A7C /* Models */,
				2C03732E237F048B00AC3A7C /* Controllers */,
				2C03732D237F047D00AC3A7C /* Custom Cell */,
				2C03732C237F046F00AC3A7C /* Storyboard */,
				2C03731D237F042900AC3A7C /* Main.storyboard */,
			);
			path = "Assessment 2 - Shopping List";
			sourceTree = "<group>";
		};
		2C03732B237F043300AC3A7C /* Resources */ = {
			isa = PBXGroup;
			children = (
				2C037317237F042900AC3A7C /* AppDelegate.swift */,
				2C037319237F042900AC3A7C /* SceneDelegate.swift */,
				2C037320237F042B00AC3A7C /* Assets.xcassets */,
				2C037322237F042B00AC3A7C /* LaunchScreen.storyboard */,
				2C037325237F042B00AC3A7C /* Info.plist */,
			);
			path = Resources;
			sourceTree = "<group>";
		};
		2C03732C237F046F00AC3A7C /* Storyboard */ = {
			isa = PBXGroup;
			children = (
			);
			path = Storyboard;
			sourceTree = "<group>";
		};
		2C03732D237F047D00AC3A7C /* Custom Cell */ = {
			isa = PBXGroup;
			children = (
				2C037339237F07C800AC3A7C /* ShoppingListTableViewCell.swift */,
			);
			path = "Custom Cell";
			sourceTree = "<group>";
		};
		2C03732E237F048B00AC3A7C /* Controllers */ = {
			isa = PBXGroup;
			children = (
				2C037330237F049A00AC3A7C /* ModelControllers */,
				2C03732F237F049200AC3A7C /* ViewControllers */,
			);
			path = Controllers;
			sourceTree = "<group>";
		};
		2C03732F237F049200AC3A7C /* ViewControllers */ = {
			isa = PBXGroup;
			children = (
				2C03733D237F104A00AC3A7C /* ShoppingListTableViewController.swift */,
			);
			path = ViewControllers;
			sourceTree = "<group>";
		};
		2C037330237F049A00AC3A7C /* ModelControllers */ = {
			isa = PBXGroup;
			children = (
				2C03733B237F07E300AC3A7C /* ShoppingListController.swift */,
			);
			path = ModelControllers;
			sourceTree = "<group>";
		};
		2C037331237F04A100AC3A7C /* Models */ = {
			isa = PBXGroup;
			children = (
				2C037332237F067600AC3A7C /* Assessment 2 - Shopping List.xcdatamodeld */,
				2C037335237F06D300AC3A7C /* ShoppingList+Convenience.swift */,
				2C037337237F06DF00AC3A7C /* CoreDataStack.swift */,
			);
			path = Models;
			sourceTree = "<group>";
		};
/* End PBXGroup section */

/* Begin PBXNativeTarget section */
		2C037313237F042900AC3A7C /* Assessment 2 - Shopping List */ = {
			isa = PBXNativeTarget;
			buildConfigurationList = 2C037328237F042B00AC3A7C /* Build configuration list for PBXNativeTarget "Assessment 2 - Shopping List" */;
			buildPhases = (
				2C037310237F042900AC3A7C /* Sources */,
				2C037311237F042900AC3A7C /* Frameworks */,
				2C037312237F042900AC3A7C /* Resources */,
			);
			buildRules = (
			);
			dependencies = (
			);
			name = "Assessment 2 - Shopping List";
			productName = "Assessment 2 - Shopping List";
			productReference = 2C037314237F042900AC3A7C /* Assessment 2 - Shopping List.app */;
			productType = "com.apple.product-type.application";
		};
/* End PBXNativeTarget section */

/* Begin PBXProject section */
		2C03730C237F042900AC3A7C /* Project object */ = {
			isa = PBXProject;
			attributes = {
				LastSwiftUpdateCheck = 1120;
				LastUpgradeCheck = 1120;
				ORGANIZATIONNAME = "Renaissance Apps";
				TargetAttributes = {
					2C037313237F042900AC3A7C = {
						CreatedOnToolsVersion = 11.2;
					};
				};
			};
			buildConfigurationList = 2C03730F237F042900AC3A7C /* Build configuration list for PBXProject "Assessment 2 - Shopping List" */;
			compatibilityVersion = "Xcode 9.3";
			developmentRegion = en;
			hasScannedForEncodings = 0;
			knownRegions = (
				en,
				Base,
			);
			mainGroup = 2C03730B237F042900AC3A7C;
			productRefGroup = 2C037315237F042900AC3A7C /* Products */;
			projectDirPath = "";
			projectRoot = "";
			targets = (
				2C037313237F042900AC3A7C /* Assessment 2 - Shopping List */,
			);
		};
/* End PBXProject section */

/* Begin PBXResourcesBuildPhase section */
		2C037312237F042900AC3A7C /* Resources */ = {
			isa = PBXResourcesBuildPhase;
			buildActionMask = 2147483647;
			files = (
				2C037324237F042B00AC3A7C /* LaunchScreen.storyboard in Resources */,
				2C037321237F042B00AC3A7C /* Assets.xcassets in Resources */,
				2C03731F237F042900AC3A7C /* Main.storyboard in Resources */,
			);
			runOnlyForDeploymentPostprocessing = 0;
		};
/* End PBXResourcesBuildPhase section */

/* Begin PBXSourcesBuildPhase section */
		2C037310237F042900AC3A7C /* Sources */ = {
			isa = PBXSourcesBuildPhase;
			buildActionMask = 2147483647;
			files = (
				2C037338237F06DF00AC3A7C /* CoreDataStack.swift in Sources */,
				2C037334237F067600AC3A7C /* Assessment 2 - Shopping List.xcdatamodeld in Sources */,
				2C037336237F06D300AC3A7C /* ShoppingList+Convenience.swift in Sources */,
				2C03733E237F104A00AC3A7C /* ShoppingListTableViewController.swift in Sources */,
				2C03733C237F07E300AC3A7C /* ShoppingListController.swift in Sources */,
				2C03733A237F07C800AC3A7C /* ShoppingListTableViewCell.swift in Sources */,
				2C037318237F042900AC3A7C /* AppDelegate.swift in Sources */,
				2C03731A237F042900AC3A7C /* SceneDelegate.swift in Sources */,
			);
			runOnlyForDeploymentPostprocessing = 0;
		};
/* End PBXSourcesBuildPhase section */

/* Begin PBXVariantGroup section */
		2C03731D237F042900AC3A7C /* Main.storyboard */ = {
			isa = PBXVariantGroup;
			children = (
				2C03731E237F042900AC3A7C /* Base */,
			);
			name = Main.storyboard;
			sourceTree = "<group>";
		};
		2C037322237F042B00AC3A7C /* LaunchScreen.storyboard */ = {
			isa = PBXVariantGroup;
			children = (
				2C037323237F042B00AC3A7C /* Base */,
			);
			name = LaunchScreen.storyboard;
			sourceTree = "<group>";
		};
/* End PBXVariantGroup section */

/* Begin XCBuildConfiguration section */
		2C037326237F042B00AC3A7C /* Debug */ = {
			isa = XCBuildConfiguration;
			buildSettings = {
				ALWAYS_SEARCH_USER_PATHS = NO;
				CLANG_ANALYZER_NONNULL = YES;
				CLANG_ANALYZER_NUMBER_OBJECT_CONVERSION = YES_AGGRESSIVE;
				CLANG_CXX_LANGUAGE_STANDARD = "gnu++14";
				CLANG_CXX_LIBRARY = "libc++";
				CLANG_ENABLE_MODULES = YES;
				CLANG_ENABLE_OBJC_ARC = YES;
				CLANG_ENABLE_OBJC_WEAK = YES;
				CLANG_WARN_BLOCK_CAPTURE_AUTORELEASING = YES;
				CLANG_WARN_BOOL_CONVERSION = YES;
				CLANG_WARN_COMMA = YES;
				CLANG_WARN_CONSTANT_CONVERSION = YES;
				CLANG_WARN_DEPRECATED_OBJC_IMPLEMENTATIONS = YES;
				CLANG_WARN_DIRECT_OBJC_ISA_USAGE = YES_ERROR;
				CLANG_WARN_DOCUMENTATION_COMMENTS = YES;
				CLANG_WARN_EMPTY_BODY = YES;
				CLANG_WARN_ENUM_CONVERSION = YES;
				CLANG_WARN_INFINITE_RECURSION = YES;
				CLANG_WARN_INT_CONVERSION = YES;
				CLANG_WARN_NON_LITERAL_NULL_CONVERSION = YES;
				CLANG_WARN_OBJC_IMPLICIT_RETAIN_SELF = YES;
				CLANG_WARN_OBJC_LITERAL_CONVERSION = YES;
				CLANG_WARN_OBJC_ROOT_CLASS = YES_ERROR;
				CLANG_WARN_RANGE_LOOP_ANALYSIS = YES;
				CLANG_WARN_STRICT_PROTOTYPES = YES;
				CLANG_WARN_SUSPICIOUS_MOVE = YES;
				CLANG_WARN_UNGUARDED_AVAILABILITY = YES_AGGRESSIVE;
				CLANG_WARN_UNREACHABLE_CODE = YES;
				CLANG_WARN__DUPLICATE_METHOD_MATCH = YES;
				COPY_PHASE_STRIP = NO;
				DEBUG_INFORMATION_FORMAT = dwarf;
				ENABLE_STRICT_OBJC_MSGSEND = YES;
				ENABLE_TESTABILITY = YES;
				GCC_C_LANGUAGE_STANDARD = gnu11;
				GCC_DYNAMIC_NO_PIC = NO;
				GCC_NO_COMMON_BLOCKS = YES;
				GCC_OPTIMIZATION_LEVEL = 0;
				GCC_PREPROCESSOR_DEFINITIONS = (
					"DEBUG=1",
					"$(inherited)",
				);
				GCC_WARN_64_TO_32_BIT_CONVERSION = YES;
				GCC_WARN_ABOUT_RETURN_TYPE = YES_ERROR;
				GCC_WARN_UNDECLARED_SELECTOR = YES;
				GCC_WARN_UNINITIALIZED_AUTOS = YES_AGGRESSIVE;
				GCC_WARN_UNUSED_FUNCTION = YES;
				GCC_WARN_UNUSED_VARIABLE = YES;
				IPHONEOS_DEPLOYMENT_TARGET = 13.2;
				MTL_ENABLE_DEBUG_INFO = INCLUDE_SOURCE;
				MTL_FAST_MATH = YES;
				ONLY_ACTIVE_ARCH = YES;
				SDKROOT = iphoneos;
				SWIFT_ACTIVE_COMPILATION_CONDITIONS = DEBUG;
				SWIFT_OPTIMIZATION_LEVEL = "-Onone";
			};
			name = Debug;
		};
		2C037327237F042B00AC3A7C /* Release */ = {
			isa = XCBuildConfiguration;
			buildSettings = {
				ALWAYS_SEARCH_USER_PATHS = NO;
				CLANG_ANALYZER_NONNULL = YES;
				CLANG_ANALYZER_NUMBER_OBJECT_CONVERSION = YES_AGGRESSIVE;
				CLANG_CXX_LANGUAGE_STANDARD = "gnu++14";
				CLANG_CXX_LIBRARY = "libc++";
				CLANG_ENABLE_MODULES = YES;
				CLANG_ENABLE_OBJC_ARC = YES;
				CLANG_ENABLE_OBJC_WEAK = YES;
				CLANG_WARN_BLOCK_CAPTURE_AUTORELEASING = YES;
				CLANG_WARN_BOOL_CONVERSION = YES;
				CLANG_WARN_COMMA = YES;
				CLANG_WARN_CONSTANT_CONVERSION = YES;
				CLANG_WARN_DEPRECATED_OBJC_IMPLEMENTATIONS = YES;
				CLANG_WARN_DIRECT_OBJC_ISA_USAGE = YES_ERROR;
				CLANG_WARN_DOCUMENTATION_COMMENTS = YES;
				CLANG_WARN_EMPTY_BODY = YES;
				CLANG_WARN_ENUM_CONVERSION = YES;
				CLANG_WARN_INFINITE_RECURSION = YES;
				CLANG_WARN_INT_CONVERSION = YES;
				CLANG_WARN_NON_LITERAL_NULL_CONVERSION = YES;
				CLANG_WARN_OBJC_IMPLICIT_RETAIN_SELF = YES;
				CLANG_WARN_OBJC_LITERAL_CONVERSION = YES;
				CLANG_WARN_OBJC_ROOT_CLASS = YES_ERROR;
				CLANG_WARN_RANGE_LOOP_ANALYSIS = YES;
				CLANG_WARN_STRICT_PROTOTYPES = YES;
				CLANG_WARN_SUSPICIOUS_MOVE = YES;
				CLANG_WARN_UNGUARDED_AVAILABILITY = YES_AGGRESSIVE;
				CLANG_WARN_UNREACHABLE_CODE = YES;
				CLANG_WARN__DUPLICATE_METHOD_MATCH = YES;
				COPY_PHASE_STRIP = NO;
				DEBUG_INFORMATION_FORMAT = "dwarf-with-dsym";
				ENABLE_NS_ASSERTIONS = NO;
				ENABLE_STRICT_OBJC_MSGSEND = YES;
				GCC_C_LANGUAGE_STANDARD = gnu11;
				GCC_NO_COMMON_BLOCKS = YES;
				GCC_WARN_64_TO_32_BIT_CONVERSION = YES;
				GCC_WARN_ABOUT_RETURN_TYPE = YES_ERROR;
				GCC_WARN_UNDECLARED_SELECTOR = YES;
				GCC_WARN_UNINITIALIZED_AUTOS = YES_AGGRESSIVE;
				GCC_WARN_UNUSED_FUNCTION = YES;
				GCC_WARN_UNUSED_VARIABLE = YES;
				IPHONEOS_DEPLOYMENT_TARGET = 13.2;
				MTL_ENABLE_DEBUG_INFO = NO;
				MTL_FAST_MATH = YES;
				SDKROOT = iphoneos;
				SWIFT_COMPILATION_MODE = wholemodule;
				SWIFT_OPTIMIZATION_LEVEL = "-O";
				VALIDATE_PRODUCT = YES;
			};
			name = Release;
		};
		2C037329237F042B00AC3A7C /* Debug */ = {
			isa = XCBuildConfiguration;
			buildSettings = {
				ASSETCATALOG_COMPILER_APPICON_NAME = AppIcon;
				CODE_SIGN_STYLE = Automatic;
				INFOPLIST_FILE = "$(SRCROOT)/Resources/Info.plist";
				LD_RUNPATH_SEARCH_PATHS = (
					"$(inherited)",
					"@executable_path/Frameworks",
				);
				PRODUCT_BUNDLE_IDENTIFIER = "com.RenaissanceApps.Assessment-2---Shopping-List";
				PRODUCT_NAME = "$(TARGET_NAME)";
				SWIFT_VERSION = 5.0;
				TARGETED_DEVICE_FAMILY = "1,2";
			};
			name = Debug;
		};
		2C03732A237F042B00AC3A7C /* Release */ = {
			isa = XCBuildConfiguration;
			buildSettings = {
				ASSETCATALOG_COMPILER_APPICON_NAME = AppIcon;
				CODE_SIGN_STYLE = Automatic;
				INFOPLIST_FILE = "$(SRCROOT)/Resources/Info.plist";
				LD_RUNPATH_SEARCH_PATHS = (
					"$(inherited)",
					"@executable_path/Frameworks",
				);
				PRODUCT_BUNDLE_IDENTIFIER = "com.RenaissanceApps.Assessment-2---Shopping-List";
				PRODUCT_NAME = "$(TARGET_NAME)";
				SWIFT_VERSION = 5.0;
				TARGETED_DEVICE_FAMILY = "1,2";
			};
			name = Release;
		};
/* End XCBuildConfiguration section */

/* Begin XCConfigurationList section */
		2C03730F237F042900AC3A7C /* Build configuration list for PBXProject "Assessment 2 - Shopping List" */ = {
			isa = XCConfigurationList;
			buildConfigurations = (
				2C037326237F042B00AC3A7C /* Debug */,
				2C037327237F042B00AC3A7C /* Release */,
			);
			defaultConfigurationIsVisible = 0;
			defaultConfigurationName = Release;
		};
		2C037328237F042B00AC3A7C /* Build configuration list for PBXNativeTarget "Assessment 2 - Shopping List" */ = {
			isa = XCConfigurationList;
			buildConfigurations = (
				2C037329237F042B00AC3A7C /* Debug */,
				2C03732A237F042B00AC3A7C /* Release */,
			);
			defaultConfigurationIsVisible = 0;
			defaultConfigurationName = Release;
		};
/* End XCConfigurationList section */

/* Begin XCVersionGroup section */
		2C037332237F067600AC3A7C /* Assessment 2 - Shopping List.xcdatamodeld */ = {
			isa = XCVersionGroup;
			children = (
				2C037333237F067600AC3A7C /* Assessment 2 - Shopping List.xcdatamodel */,
			);
			currentVersion = 2C037333237F067600AC3A7C /* Assessment 2 - Shopping List.xcdatamodel */;
			path = "Assessment 2 - Shopping List.xcdatamodeld";
			sourceTree = "<group>";
			versionGroupType = wrapper.xcdatamodel;
		};
/* End XCVersionGroup section */
	};
	rootObject = 2C03730C237F042900AC3A7C /* Project object */;
}
